
Microsoft Visual Studio Solution File, Format Version 12.00
# Visual Studio Version 16
VisualStudioVersion = 16.0.30804.86
MinimumVisualStudioVersion = 10.0.40219.1
Project("{FAE04EC0-301F-11D3-BF4B-00C04F79EFBC}") = "RestApiCRUDDemo", "RestApiCRUDDemo\RestApiCRUDDemo.csproj", "{B10695FB-93E3-4167-9CE3-85A043034B9C}"
EndProject
Global
	GlobalSection(SolutionConfigurationPlatforms) = preSolution
		Debug|Any CPU = Debug|Any CPU
		Release|Any CPU = Release|Any CPU
	EndGlobalSection
	GlobalSection(ProjectConfigurationPlatforms) = postSolution
		{B10695FB-93E3-4167-9CE3-85A043034B9C}.Debug|Any CPU.ActiveCfg = Debug|Any CPU
		{B10695FB-93E3-4167-9CE3-85A043034B9C}.Debug|Any CPU.Build.0 = Debug|Any CPU
		{B10695FB-93E3-4167-9CE3-85A043034B9C}.Release|Any CPU.ActiveCfg = Release|Any CPU
		{B10695FB-93E3-4167-9CE3-85A043034B9C}.Release|Any CPU.Build.0 = Release|Any CPU
	EndGlobalSection
	GlobalSection(SolutionProperties) = preSolution
		HideSolutionNode = FALSE
	EndGlobalSection
	GlobalSection(ExtensibilityGlobals) = postSolution
		SolutionGuid = {81591D7D-79F8-4334-90E1-6E374199F076}
	EndGlobalSection
EndGlobal
